
Microsoft Visual Studio Solution File, Format Version 12.00
# Visual Studio Version 17
VisualStudioVersion = 17.4.33103.184
MinimumVisualStudioVersion = 10.0.40219.1
Project("{2150E333-8FDC-42A3-9474-1A3956D46DE8}") = "DotNetC6", "DotNetC6", "{E4AE5A27-298D-4777-AE30-2EE3B2DFADC8}"
EndProject
Project("{9A19103F-16F7-4668-BE54-9A1E7A4F7556}") = "MsSqlSemaphoreNc6", "DotNetC6\MsSqlSemaphoreNc6\MsSqlSemaphoreNc6.csproj", "{0F079B54-3AFC-4825-AD8A-7B2F6DC7E90B}"
EndProject
Project("{9A19103F-16F7-4668-BE54-9A1E7A4F7556}") = "TestConsole", "DotNetC6\TestConsole\TestConsole.csproj", "{AF5D1DD2-C9A6-48D2-9977-5EBCFE1E92FB}"
EndProject
Project("{FAE04EC0-301F-11D3-BF4B-00C04F79EFBC}") = "MsSqlSemaphoreNc6Abstractions", "MsSqlSemaphoreNc6Abstractions\MsSqlSemaphoreNc6Abstractions.csproj", "{DAD55BE1-64B3-4F26-9FBD-353CAE831936}"
EndProject
Project("{2150E333-8FDC-42A3-9474-1A3956D46DE8}") = "DocNetC8", "DocNetC8", "{88657D94-44D8-4E7E-8356-D9C411767663}"
EndProject
Project("{FAE04EC0-301F-11D3-BF4B-00C04F79EFBC}") = "PvWay.SemaphoreService.Abstractions.nc8", "DocNetC8\PvWay.SemaphoreService.Abstractions.nc8\PvWay.SemaphoreService.Abstractions.nc8.csproj", "{28E0B547-70FC-4F68-81DD-8CD357E5D08E}"
EndProject
Project("{FAE04EC0-301F-11D3-BF4B-00C04F79EFBC}") = "PvWay.MsSqlSemaphoreService.nc8", "DocNetC8\PvWay.MsSqlSemaphoreService.nc8\PvWay.MsSqlSemaphoreService.nc8.csproj", "{0C598F1D-A75B-4DD4-9821-41BCBFB301E1}"
EndProject
Project("{FAE04EC0-301F-11D3-BF4B-00C04F79EFBC}") = "PvWay.MsSqlSemaphoreServiceLab.nc8", "DocNetC8\PvWay.MsSqlSemaphoreServiceLab.nc8\PvWay.MsSqlSemaphoreServiceLab.nc8.csproj", "{857DCE44-F7AD-4470-AB25-EB66DE1734CF}"
EndProject
Project("{FAE04EC0-301F-11D3-BF4B-00C04F79EFBC}") = "PvWay.PgSqlSemaphoreService.nc8", "DocNetC8\PvWay.PgSqlSemaphoreService.nc8\PvWay.PgSqlSemaphoreService.nc8.csproj", "{81BFDA48-422A-4C63-8E05-A49350A45A3E}"
EndProject
Project("{FAE04EC0-301F-11D3-BF4B-00C04F79EFBC}") = "PvWay.PgSqlSemaphoreServiceLab.nc8", "DocNetC8\PvWay.PgSqlSemaphoreServiceLab.nc8\PvWay.PgSqlSemaphoreServiceLab.nc8.csproj", "{028E8F7B-3C3F-48A5-AD44-EC99F2877F63}"
EndProject
Global
	GlobalSection(SolutionConfigurationPlatforms) = preSolution
		Debug|Any CPU = Debug|Any CPU
		Release|Any CPU = Release|Any CPU
	EndGlobalSection
	GlobalSection(ProjectConfigurationPlatforms) = postSolution
		{0F079B54-3AFC-4825-AD8A-7B2F6DC7E90B}.Debug|Any CPU.ActiveCfg = Debug|Any CPU
		{0F079B54-3AFC-4825-AD8A-7B2F6DC7E90B}.Debug|Any CPU.Build.0 = Debug|Any CPU
		{0F079B54-3AFC-4825-AD8A-7B2F6DC7E90B}.Release|Any CPU.ActiveCfg = Release|Any CPU
		{0F079B54-3AFC-4825-AD8A-7B2F6DC7E90B}.Release|Any CPU.Build.0 = Release|Any CPU
		{AF5D1DD2-C9A6-48D2-9977-5EBCFE1E92FB}.Debug|Any CPU.ActiveCfg = Debug|Any CPU
		{AF5D1DD2-C9A6-48D2-9977-5EBCFE1E92FB}.Debug|Any CPU.Build.0 = Debug|Any CPU
		{AF5D1DD2-C9A6-48D2-9977-5EBCFE1E92FB}.Release|Any CPU.ActiveCfg = Release|Any CPU
		{AF5D1DD2-C9A6-48D2-9977-5EBCFE1E92FB}.Release|Any CPU.Build.0 = Release|Any CPU
		{DAD55BE1-64B3-4F26-9FBD-353CAE831936}.Debug|Any CPU.ActiveCfg = Debug|Any CPU
		{DAD55BE1-64B3-4F26-9FBD-353CAE831936}.Debug|Any CPU.Build.0 = Debug|Any CPU
		{DAD55BE1-64B3-4F26-9FBD-353CAE831936}.Release|Any CPU.ActiveCfg = Release|Any CPU
		{DAD55BE1-64B3-4F26-9FBD-353CAE831936}.Release|Any CPU.Build.0 = Release|Any CPU
		{28E0B547-70FC-4F68-81DD-8CD357E5D08E}.Debug|Any CPU.ActiveCfg = Debug|Any CPU
		{28E0B547-70FC-4F68-81DD-8CD357E5D08E}.Debug|Any CPU.Build.0 = Debug|Any CPU
		{28E0B547-70FC-4F68-81DD-8CD357E5D08E}.Release|Any CPU.ActiveCfg = Release|Any CPU
		{28E0B547-70FC-4F68-81DD-8CD357E5D08E}.Release|Any CPU.Build.0 = Release|Any CPU
		{0C598F1D-A75B-4DD4-9821-41BCBFB301E1}.Debug|Any CPU.ActiveCfg = Debug|Any CPU
		{0C598F1D-A75B-4DD4-9821-41BCBFB301E1}.Debug|Any CPU.Build.0 = Debug|Any CPU
		{0C598F1D-A75B-4DD4-9821-41BCBFB301E1}.Release|Any CPU.ActiveCfg = Release|Any CPU
		{0C598F1D-A75B-4DD4-9821-41BCBFB301E1}.Release|Any CPU.Build.0 = Release|Any CPU
		{857DCE44-F7AD-4470-AB25-EB66DE1734CF}.Debug|Any CPU.ActiveCfg = Debug|Any CPU
		{857DCE44-F7AD-4470-AB25-EB66DE1734CF}.Debug|Any CPU.Build.0 = Debug|Any CPU
		{857DCE44-F7AD-4470-AB25-EB66DE1734CF}.Release|Any CPU.ActiveCfg = Release|Any CPU
		{857DCE44-F7AD-4470-AB25-EB66DE1734CF}.Release|Any CPU.Build.0 = Release|Any CPU
		{81BFDA48-422A-4C63-8E05-A49350A45A3E}.Debug|Any CPU.ActiveCfg = Debug|Any CPU
		{81BFDA48-422A-4C63-8E05-A49350A45A3E}.Debug|Any CPU.Build.0 = Debug|Any CPU
		{81BFDA48-422A-4C63-8E05-A49350A45A3E}.Release|Any CPU.ActiveCfg = Release|Any CPU
		{81BFDA48-422A-4C63-8E05-A49350A45A3E}.Release|Any CPU.Build.0 = Release|Any CPU
		{028E8F7B-3C3F-48A5-AD44-EC99F2877F63}.Debug|Any CPU.ActiveCfg = Debug|Any CPU
		{028E8F7B-3C3F-48A5-AD44-EC99F2877F63}.Debug|Any CPU.Build.0 = Debug|Any CPU
		{028E8F7B-3C3F-48A5-AD44-EC99F2877F63}.Release|Any CPU.ActiveCfg = Release|Any CPU
		{028E8F7B-3C3F-48A5-AD44-EC99F2877F63}.Release|Any CPU.Build.0 = Release|Any CPU
	EndGlobalSection
	GlobalSection(SolutionProperties) = preSolution
		HideSolutionNode = FALSE
	EndGlobalSection
	GlobalSection(NestedProjects) = preSolution
		{0F079B54-3AFC-4825-AD8A-7B2F6DC7E90B} = {E4AE5A27-298D-4777-AE30-2EE3B2DFADC8}
		{AF5D1DD2-C9A6-48D2-9977-5EBCFE1E92FB} = {E4AE5A27-298D-4777-AE30-2EE3B2DFADC8}
		{DAD55BE1-64B3-4F26-9FBD-353CAE831936} = {E4AE5A27-298D-4777-AE30-2EE3B2DFADC8}
		{28E0B547-70FC-4F68-81DD-8CD357E5D08E} = {88657D94-44D8-4E7E-8356-D9C411767663}
		{0C598F1D-A75B-4DD4-9821-41BCBFB301E1} = {88657D94-44D8-4E7E-8356-D9C411767663}
		{857DCE44-F7AD-4470-AB25-EB66DE1734CF} = {88657D94-44D8-4E7E-8356-D9C411767663}
		{81BFDA48-422A-4C63-8E05-A49350A45A3E} = {88657D94-44D8-4E7E-8356-D9C411767663}
		{028E8F7B-3C3F-48A5-AD44-EC99F2877F63} = {88657D94-44D8-4E7E-8356-D9C411767663}
	EndGlobalSection
	GlobalSection(ExtensibilityGlobals) = postSolution
		SolutionGuid = {F447186E-6D42-4D8B-A63A-38D5BD5E1AA2}
	EndGlobalSection
EndGlobal
