
Microsoft Visual Studio Solution File, Format Version 12.00
Project("{2150E333-8FDC-42A3-9474-1A3956D46DE8}") = "Components", "Components", "{10715428-E82C-4F6C-AC7A-98E092007668}"
EndProject
Project("{FAE04EC0-301F-11D3-BF4B-00C04F79EFBC}") = "PvWayEnumConvNc8", "nc8\Components\PvWayEnumConvNc8\PvWayEnumConvNc8.csproj", "{C3F6D62B-EE35-414F-8D75-C342E904F2C7}"
EndProject
Project("{2150E333-8FDC-42A3-9474-1A3956D46DE8}") = "Testing", "Testing", "{DD029C0E-AADA-4E29-8F0E-62A95BFD4AFA}"
EndProject
Project("{2150E333-8FDC-42A3-9474-1A3956D46DE8}") = "untTesting", "untTesting", "{D496DACD-F771-4A91-B284-EF37613A864B}"
EndProject
Project("{FAE04EC0-301F-11D3-BF4B-00C04F79EFBC}") = "PvWayEnumConvNc8.xut", "nc8\Testing\untTesting\PvWayEnumConvNc8.xut\PvWayEnumConvNc8.xut.csproj", "{DA58AA15-2BF9-4F82-9895-76EDEC845184}"
EndProject
Project("{FAE04EC0-301F-11D3-BF4B-00C04F79EFBC}") = "PvWayEnumConvNc8.nut", "nc8\Testing\untTesting\PvWayEnumConvNc8.nut\PvWayEnumConvNc8.nut.csproj", "{1A3EECCD-6276-4CF4-9173-FB0CDB0A7FAD}"
EndProject
Project("{2150E333-8FDC-42A3-9474-1A3956D46DE8}") = "intTesting", "intTesting", "{A7EE0E85-1A96-469F-BD19-4AEB61D5AC38}"
EndProject
Project("{FAE04EC0-301F-11D3-BF4B-00C04F79EFBC}") = "PvWayEnumConvNc8.it", "nc8\Testing\intTesting\PvWayEnumConvNc8.it\PvWayEnumConvNc8.it.csproj", "{ED2B5799-D834-4BA3-A54F-3B99B0B6F09E}"
EndProject
Global
	GlobalSection(SolutionConfigurationPlatforms) = preSolution
		Debug|Any CPU = Debug|Any CPU
		Release|Any CPU = Release|Any CPU
	EndGlobalSection
	GlobalSection(NestedProjects) = preSolution
		{C3F6D62B-EE35-414F-8D75-C342E904F2C7} = {10715428-E82C-4F6C-AC7A-98E092007668}
		{D496DACD-F771-4A91-B284-EF37613A864B} = {DD029C0E-AADA-4E29-8F0E-62A95BFD4AFA}
		{DA58AA15-2BF9-4F82-9895-76EDEC845184} = {D496DACD-F771-4A91-B284-EF37613A864B}
		{1A3EECCD-6276-4CF4-9173-FB0CDB0A7FAD} = {D496DACD-F771-4A91-B284-EF37613A864B}
		{A7EE0E85-1A96-469F-BD19-4AEB61D5AC38} = {DD029C0E-AADA-4E29-8F0E-62A95BFD4AFA}
		{ED2B5799-D834-4BA3-A54F-3B99B0B6F09E} = {A7EE0E85-1A96-469F-BD19-4AEB61D5AC38}
	EndGlobalSection
	GlobalSection(ProjectConfigurationPlatforms) = postSolution
		{C3F6D62B-EE35-414F-8D75-C342E904F2C7}.Debug|Any CPU.ActiveCfg = Debug|Any CPU
		{C3F6D62B-EE35-414F-8D75-C342E904F2C7}.Debug|Any CPU.Build.0 = Debug|Any CPU
		{C3F6D62B-EE35-414F-8D75-C342E904F2C7}.Release|Any CPU.ActiveCfg = Release|Any CPU
		{C3F6D62B-EE35-414F-8D75-C342E904F2C7}.Release|Any CPU.Build.0 = Release|Any CPU
		{DA58AA15-2BF9-4F82-9895-76EDEC845184}.Debug|Any CPU.ActiveCfg = Debug|Any CPU
		{DA58AA15-2BF9-4F82-9895-76EDEC845184}.Debug|Any CPU.Build.0 = Debug|Any CPU
		{DA58AA15-2BF9-4F82-9895-76EDEC845184}.Release|Any CPU.ActiveCfg = Release|Any CPU
		{DA58AA15-2BF9-4F82-9895-76EDEC845184}.Release|Any CPU.Build.0 = Release|Any CPU
		{1A3EECCD-6276-4CF4-9173-FB0CDB0A7FAD}.Debug|Any CPU.ActiveCfg = Debug|Any CPU
		{1A3EECCD-6276-4CF4-9173-FB0CDB0A7FAD}.Debug|Any CPU.Build.0 = Debug|Any CPU
		{1A3EECCD-6276-4CF4-9173-FB0CDB0A7FAD}.Release|Any CPU.ActiveCfg = Release|Any CPU
		{1A3EECCD-6276-4CF4-9173-FB0CDB0A7FAD}.Release|Any CPU.Build.0 = Release|Any CPU
		{ED2B5799-D834-4BA3-A54F-3B99B0B6F09E}.Debug|Any CPU.ActiveCfg = Debug|Any CPU
		{ED2B5799-D834-4BA3-A54F-3B99B0B6F09E}.Debug|Any CPU.Build.0 = Debug|Any CPU
		{ED2B5799-D834-4BA3-A54F-3B99B0B6F09E}.Release|Any CPU.ActiveCfg = Release|Any CPU
		{ED2B5799-D834-4BA3-A54F-3B99B0B6F09E}.Release|Any CPU.Build.0 = Release|Any CPU
	EndGlobalSection
EndGlobal
