
Microsoft Visual Studio Solution File, Format Version 12.00
# Visual Studio Version 16
VisualStudioVersion = 16.0.30011.22
MinimumVisualStudioVersion = 10.0.40219.1
Project("{2150E333-8FDC-42A3-9474-1A3956D46DE8}") = "Core", "Core", "{D7EDD8B2-680A-4C8D-B497-FF70180D0965}"
EndProject
Project("{FAE04EC0-301F-11D3-BF4B-00C04F79EFBC}") = "MsSqlMultiPartVarChar.Core", "Core\MsSqlMultiLangVarChar.Core\MsSqlMultiPartVarChar.Core.csproj", "{C7719D44-C9BA-45A0-A6A6-A569DF84555A}"
EndProject
Project("{FAE04EC0-301F-11D3-BF4B-00C04F79EFBC}") = "MsSqlMultiPartVarCharLab.Core", "Core\MsSqlMultiLangVarCharLab\MsSqlMultiPartVarCharLab.Core.csproj", "{4DEA5138-F61C-4F66-A470-31694931C186}"
EndProject
Project("{FAE04EC0-301F-11D3-BF4B-00C04F79EFBC}") = "MsSqlMultiPartVarChar.Core.Tests", "Core\MsSqlMultiLangVarChar.Core.Tests\MsSqlMultiPartVarChar.Core.Tests.csproj", "{1F281104-2A96-4CF2-B52F-3470AD4D711B}"
EndProject
Global
	GlobalSection(SolutionConfigurationPlatforms) = preSolution
		Debug|Any CPU = Debug|Any CPU
		Release|Any CPU = Release|Any CPU
	EndGlobalSection
	GlobalSection(ProjectConfigurationPlatforms) = postSolution
		{C7719D44-C9BA-45A0-A6A6-A569DF84555A}.Debug|Any CPU.ActiveCfg = Debug|Any CPU
		{C7719D44-C9BA-45A0-A6A6-A569DF84555A}.Debug|Any CPU.Build.0 = Debug|Any CPU
		{C7719D44-C9BA-45A0-A6A6-A569DF84555A}.Release|Any CPU.ActiveCfg = Release|Any CPU
		{C7719D44-C9BA-45A0-A6A6-A569DF84555A}.Release|Any CPU.Build.0 = Release|Any CPU
		{4DEA5138-F61C-4F66-A470-31694931C186}.Debug|Any CPU.ActiveCfg = Debug|Any CPU
		{4DEA5138-F61C-4F66-A470-31694931C186}.Debug|Any CPU.Build.0 = Debug|Any CPU
		{4DEA5138-F61C-4F66-A470-31694931C186}.Release|Any CPU.ActiveCfg = Release|Any CPU
		{4DEA5138-F61C-4F66-A470-31694931C186}.Release|Any CPU.Build.0 = Release|Any CPU
		{1F281104-2A96-4CF2-B52F-3470AD4D711B}.Debug|Any CPU.ActiveCfg = Debug|Any CPU
		{1F281104-2A96-4CF2-B52F-3470AD4D711B}.Debug|Any CPU.Build.0 = Debug|Any CPU
		{1F281104-2A96-4CF2-B52F-3470AD4D711B}.Release|Any CPU.ActiveCfg = Release|Any CPU
		{1F281104-2A96-4CF2-B52F-3470AD4D711B}.Release|Any CPU.Build.0 = Release|Any CPU
	EndGlobalSection
	GlobalSection(SolutionProperties) = preSolution
		HideSolutionNode = FALSE
	EndGlobalSection
	GlobalSection(NestedProjects) = preSolution
		{C7719D44-C9BA-45A0-A6A6-A569DF84555A} = {D7EDD8B2-680A-4C8D-B497-FF70180D0965}
		{4DEA5138-F61C-4F66-A470-31694931C186} = {D7EDD8B2-680A-4C8D-B497-FF70180D0965}
		{1F281104-2A96-4CF2-B52F-3470AD4D711B} = {D7EDD8B2-680A-4C8D-B497-FF70180D0965}
	EndGlobalSection
	GlobalSection(ExtensibilityGlobals) = postSolution
		SolutionGuid = {411F8140-FA36-4F19-B42C-D0F4D6DC8113}
	EndGlobalSection
EndGlobal
