
Microsoft Visual Studio Solution File, Format Version 12.00
# Visual Studio Version 17
VisualStudioVersion = 17.4.33403.182
MinimumVisualStudioVersion = 10.0.40219.1
Project("{9A19103F-16F7-4668-BE54-9A1E7A4F7556}") = "MsSqlLogWriter.Core", "MsSqlLogWriter.Core\MsSqlLogWriter.Core.csproj", "{2CAE6B25-6E06-4812-992D-A242BB287D36}"
EndProject
Project("{9A19103F-16F7-4668-BE54-9A1E7A4F7556}") = "MsSqlLogWriterLab.Core", "MsSqlLogWriterLab.Core\MsSqlLogWriterLab.Core.csproj", "{C5F1B407-3E25-48CB-A336-07D1CBABE86B}"
EndProject
Project("{FAE04EC0-301F-11D3-BF4B-00C04F79EFBC}") = "MsSqlLogWriter.Fw", "MsSqlLogWriter.Fw\MsSqlLogWriter.Fw.csproj", "{B996746E-E84C-48E3-9D1D-E553A91D7244}"
EndProject
Project("{FAE04EC0-301F-11D3-BF4B-00C04F79EFBC}") = "MsSqlLogWriter.nc6", "MsSqlLogWriter.nc6\MsSqlLogWriter.nc6.csproj", "{7DAD99CA-1573-487D-BD76-2A11F6CD921D}"
EndProject
Global
	GlobalSection(SolutionConfigurationPlatforms) = preSolution
		Debug|Any CPU = Debug|Any CPU
		Release|Any CPU = Release|Any CPU
	EndGlobalSection
	GlobalSection(ProjectConfigurationPlatforms) = postSolution
		{2CAE6B25-6E06-4812-992D-A242BB287D36}.Debug|Any CPU.ActiveCfg = Debug|Any CPU
		{2CAE6B25-6E06-4812-992D-A242BB287D36}.Debug|Any CPU.Build.0 = Debug|Any CPU
		{2CAE6B25-6E06-4812-992D-A242BB287D36}.Release|Any CPU.ActiveCfg = Release|Any CPU
		{2CAE6B25-6E06-4812-992D-A242BB287D36}.Release|Any CPU.Build.0 = Release|Any CPU
		{C5F1B407-3E25-48CB-A336-07D1CBABE86B}.Debug|Any CPU.ActiveCfg = Debug|Any CPU
		{C5F1B407-3E25-48CB-A336-07D1CBABE86B}.Debug|Any CPU.Build.0 = Debug|Any CPU
		{C5F1B407-3E25-48CB-A336-07D1CBABE86B}.Release|Any CPU.ActiveCfg = Release|Any CPU
		{C5F1B407-3E25-48CB-A336-07D1CBABE86B}.Release|Any CPU.Build.0 = Release|Any CPU
		{B996746E-E84C-48E3-9D1D-E553A91D7244}.Debug|Any CPU.ActiveCfg = Debug|Any CPU
		{B996746E-E84C-48E3-9D1D-E553A91D7244}.Debug|Any CPU.Build.0 = Debug|Any CPU
		{B996746E-E84C-48E3-9D1D-E553A91D7244}.Release|Any CPU.ActiveCfg = Release|Any CPU
		{B996746E-E84C-48E3-9D1D-E553A91D7244}.Release|Any CPU.Build.0 = Release|Any CPU
		{7DAD99CA-1573-487D-BD76-2A11F6CD921D}.Debug|Any CPU.ActiveCfg = Debug|Any CPU
		{7DAD99CA-1573-487D-BD76-2A11F6CD921D}.Debug|Any CPU.Build.0 = Debug|Any CPU
		{7DAD99CA-1573-487D-BD76-2A11F6CD921D}.Release|Any CPU.ActiveCfg = Release|Any CPU
		{7DAD99CA-1573-487D-BD76-2A11F6CD921D}.Release|Any CPU.Build.0 = Release|Any CPU
	EndGlobalSection
	GlobalSection(SolutionProperties) = preSolution
		HideSolutionNode = FALSE
	EndGlobalSection
	GlobalSection(ExtensibilityGlobals) = postSolution
		SolutionGuid = {6B0BE707-1E88-437F-861B-CB2B2B32B703}
	EndGlobalSection
EndGlobal
