
Microsoft Visual Studio Solution File, Format Version 12.00
# Visual Studio Version 17
VisualStudioVersion = 17.6.33723.286
MinimumVisualStudioVersion = 10.0.40219.1
Project("{9A19103F-16F7-4668-BE54-9A1E7A4F7556}") = "PvWay.LoggerService.nc6", "PvWay.LoggerService.nc6\PvWay.LoggerService.nc6.csproj", "{4B5F098E-C5B7-46DD-9589-D0B6E4C89658}"
EndProject
Project("{9A19103F-16F7-4668-BE54-9A1E7A4F7556}") = "PvWay.LoggerService.Abstractions.nc6", "PvWay.LoggerService.Abstractions.nc6\PvWay.LoggerService.Abstractions.nc6.csproj", "{1F993804-1A5C-4B6E-AB96-515A2F628BD5}"
EndProject
Project("{9A19103F-16F7-4668-BE54-9A1E7A4F7556}") = "PvWay.LoggerService.PgSqlLogWriter.nc6", "PvWay.LoggerService.PgSqlLogWriter.nc6\PvWay.LoggerService.PgSqlLogWriter.nc6.csproj", "{6A2CF682-5DE0-46A9-A184-1ECA206C320A}"
EndProject
Project("{9A19103F-16F7-4668-BE54-9A1E7A4F7556}") = "PvWay.LoggerServiceLab.nc6", "PvWay.LoggerServiceLab.nc6\PvWay.LoggerServiceLab.nc6.csproj", "{BB76D1A7-E179-4EC0-9B6B-DAE12A65303A}"
EndProject
Project("{9A19103F-16F7-4668-BE54-9A1E7A4F7556}") = "PvWay.LoggerServiceConsumer.nc6", "PvWay.LoggerServiceConsumer.nc6\PvWay.LoggerServiceConsumer.nc6.csproj", "{C8EB3441-E269-45F8-95F1-2BE1EE6350A1}"
EndProject
Project("{FAE04EC0-301F-11D3-BF4B-00C04F79EFBC}") = "PvWay.LoggerService.MethodResultWrapper.nc6", "PvWay.LoggerService.MethodResultWrapper.nc6\PvWay.LoggerService.MethodResultWrapper.nc6.csproj", "{913321E9-42A1-4042-AAA4-AC4C455D31CF}"
EndProject
Project("{FAE04EC0-301F-11D3-BF4B-00C04F79EFBC}") = "PvWay.LoggerServiceLab.Tests.nc6", "PvWay.LoggerServiceLab.Tests.nc6\PvWay.LoggerServiceLab.Tests.nc6.csproj", "{2DDDF048-E649-4566-A31A-04C01D162C23}"
EndProject
Project("{2150E333-8FDC-42A3-9474-1A3956D46DE8}") = "nc6", "nc6", "{6AAC4CF6-57E2-4ABE-8F9C-0584FFB847ED}"
EndProject
Project("{2150E333-8FDC-42A3-9474-1A3956D46DE8}") = "nc8", "nc8", "{1346C5C1-8F11-410C-ABC4-BA8E8619EC4A}"
EndProject
Project("{FAE04EC0-301F-11D3-BF4B-00C04F79EFBC}") = "PvWay.LoggerService.Abstractions.nc8", "PvWay.LoggerService.Abstractions.nc8\PvWay.LoggerService.Abstractions.nc8.csproj", "{B6989E85-D2F4-4331-9068-1C8EA87F86ED}"
EndProject
Project("{FAE04EC0-301F-11D3-BF4B-00C04F79EFBC}") = "PvWay.LoggerService.MethodResultWrapper.nc8", "PvWay.LoggerService.MethodResultWrapper.nc8\PvWay.LoggerService.MethodResultWrapper.nc8.csproj", "{9250C75D-255E-4C71-B47D-84E5B7054F89}"
EndProject
Project("{FAE04EC0-301F-11D3-BF4B-00C04F79EFBC}") = "PvWay.LoggerService.nc8", "PvWay.LoggerService.nc8\PvWay.LoggerService.nc8.csproj", "{7D6C5618-4D5B-4A52-8219-B8DECF89131E}"
EndProject
Project("{FAE04EC0-301F-11D3-BF4B-00C04F79EFBC}") = "PvWay.LoggerService.Console.nc8", "PvWay.LoggerService.Console.nc8\PvWay.LoggerService.Console.nc8.csproj", "{10537B97-4E70-4A2A-A65D-7D779F8BC051}"
EndProject
Project("{FAE04EC0-301F-11D3-BF4B-00C04F79EFBC}") = "PvWay.LoggerService.SeriConsole.nc8", "PvWay.LoggerService.SeriConsole.nc8\PvWay.LoggerService.SeriConsole.nc8.csproj", "{AA5DF627-DB86-4850-ABAF-2643FA0D577E}"
EndProject
Project("{2150E333-8FDC-42A3-9474-1A3956D46DE8}") = "Services", "Services", "{C2F99E6E-4F94-4B6D-9482-78562D5A780D}"
EndProject
Project("{2150E333-8FDC-42A3-9474-1A3956D46DE8}") = "Consoles", "Consoles", "{166AF748-93F7-4BA5-A7D3-52E1485754AF}"
EndProject
Project("{FAE04EC0-301F-11D3-BF4B-00C04F79EFBC}") = "PvWay.ConsoleLab.nc8", "PvWay.ConsoleLab.nc8\PvWay.ConsoleLab.nc8.csproj", "{C61ABF38-FCB2-49EB-BDEB-2BD1221F7706}"
EndProject
Project("{FAE04EC0-301F-11D3-BF4B-00C04F79EFBC}") = "PvWay.SeriConsoleLab.nc8", "PvWay.SeriConsoleLab.nc8\PvWay.SeriConsoleLab.nc8.csproj", "{93BEAEFB-DD07-46D7-AF4B-94E6B39ED004}"
EndProject
Project("{FAE04EC0-301F-11D3-BF4B-00C04F79EFBC}") = "PvWay.LoggerService.MsSql.nc8", "PvWay.LoggerService.MsSql.nc8\PvWay.LoggerService.MsSql.nc8.csproj", "{9C6F1D03-7DB9-48F5-AF8D-78A6A1014B4D}"
EndProject
Project("{FAE04EC0-301F-11D3-BF4B-00C04F79EFBC}") = "PvWay.MsSqlLab.nc8", "PvWay.MsSqlLab.nc8\PvWay.MsSqlLab.nc8.csproj", "{709AFCDF-12EA-4752-9E8F-F7B7B07A3CA0}"
EndProject
Project("{FAE04EC0-301F-11D3-BF4B-00C04F79EFBC}") = "PvWay.LoggerService.PgSql.nc8", "PvWay.LoggerService.PgSql.nc8\PvWay.LoggerService.PgSql.nc8.csproj", "{863BE6DF-ADED-4A43-B85E-3330AD37782D}"
EndProject
Project("{FAE04EC0-301F-11D3-BF4B-00C04F79EFBC}") = "PvWay.PgSqlLab.nc8", "PvWay.PgSqlLab.nc8\PvWay.PgSqlLab.nc8.csproj", "{31B4040C-FF22-4AE5-8BFB-581FD628AFA8}"
EndProject
Project("{FAE04EC0-301F-11D3-BF4B-00C04F79EFBC}") = "PvWay.LoggerService.Mute.nc8", "PvWay.LoggerService.Mute.nc8\PvWay.LoggerService.Mute.nc8.csproj", "{07C0656B-217C-4AB6-B173-AE95B1B1A14B}"
EndProject
Project("{FAE04EC0-301F-11D3-BF4B-00C04F79EFBC}") = "PvWay.MuteLab.nc8", "PvWay.MuteLab.nc8\PvWay.MuteLab.nc8.csproj", "{F002AFA6-80F3-4844-8634-139A001C08BB}"
EndProject
Project("{FAE04EC0-301F-11D3-BF4B-00C04F79EFBC}") = "PvWay.LoggerService.UTest.nc8", "PvWay.LoggerService.UTest.nc8\PvWay.LoggerService.UTest.nc8.csproj", "{E756069A-8AC2-47A6-A32F-DD56655C71CA}"
EndProject
Project("{FAE04EC0-301F-11D3-BF4B-00C04F79EFBC}") = "PvWay.UTestLab.nc8", "PvWay.UTestLab.nc8\PvWay.UTestLab.nc8.csproj", "{699FE5A1-1088-4DBC-AD75-EC53500AE21F}"
EndProject
Project("{FAE04EC0-301F-11D3-BF4B-00C04F79EFBC}") = "PvWay.MethodResultWrapperLab.nc8", "PvWay.MethodResultWrapperLab.nc8\PvWay.MethodResultWrapperLab.nc8.csproj", "{AB3D0496-98DF-4865-9F15-C85060D9F25F}"
EndProject
Project("{FAE04EC0-301F-11D3-BF4B-00C04F79EFBC}") = "PvWay.StackTraceConsole.nc8", "PvWay.StackTraceConsole.nc8\PvWay.StackTraceConsole.nc8.csproj", "{B8368BC0-3091-4B2B-9234-B9763E1A15E5}"
EndProject
Project("{FAE04EC0-301F-11D3-BF4B-00C04F79EFBC}") = "PvWay.LoggerService.Console.nc6", "PvWay.LoggerService.Console.nc6\PvWay.LoggerService.Console.nc6.csproj", "{9A99503A-3F25-420F-9A2C-451B63B6595C}"
EndProject
Project("{FAE04EC0-301F-11D3-BF4B-00C04F79EFBC}") = "PvWay.LoggerService.MsSql.nc6", "PvWay.LoggerService.MsSql.nc6\PvWay.LoggerService.MsSql.nc6.csproj", "{A21F9535-9BA1-488A-BA66-666D347FD57D}"
EndProject
Project("{FAE04EC0-301F-11D3-BF4B-00C04F79EFBC}") = "PvWay.LoggerService.Mute.nc6", "PvWay.LoggerService.Mute.nc6\PvWay.LoggerService.Mute.nc6.csproj", "{ED62147B-B415-4305-9A48-22C4AEE044E0}"
EndProject
Global
	GlobalSection(SolutionConfigurationPlatforms) = preSolution
		Debug|Any CPU = Debug|Any CPU
		Release|Any CPU = Release|Any CPU
	EndGlobalSection
	GlobalSection(ProjectConfigurationPlatforms) = postSolution
		{4B5F098E-C5B7-46DD-9589-D0B6E4C89658}.Debug|Any CPU.ActiveCfg = Debug|Any CPU
		{4B5F098E-C5B7-46DD-9589-D0B6E4C89658}.Debug|Any CPU.Build.0 = Debug|Any CPU
		{4B5F098E-C5B7-46DD-9589-D0B6E4C89658}.Release|Any CPU.ActiveCfg = Release|Any CPU
		{4B5F098E-C5B7-46DD-9589-D0B6E4C89658}.Release|Any CPU.Build.0 = Release|Any CPU
		{1F993804-1A5C-4B6E-AB96-515A2F628BD5}.Debug|Any CPU.ActiveCfg = Debug|Any CPU
		{1F993804-1A5C-4B6E-AB96-515A2F628BD5}.Debug|Any CPU.Build.0 = Debug|Any CPU
		{1F993804-1A5C-4B6E-AB96-515A2F628BD5}.Release|Any CPU.ActiveCfg = Release|Any CPU
		{1F993804-1A5C-4B6E-AB96-515A2F628BD5}.Release|Any CPU.Build.0 = Release|Any CPU
		{6A2CF682-5DE0-46A9-A184-1ECA206C320A}.Debug|Any CPU.ActiveCfg = Debug|Any CPU
		{6A2CF682-5DE0-46A9-A184-1ECA206C320A}.Debug|Any CPU.Build.0 = Debug|Any CPU
		{6A2CF682-5DE0-46A9-A184-1ECA206C320A}.Release|Any CPU.ActiveCfg = Release|Any CPU
		{6A2CF682-5DE0-46A9-A184-1ECA206C320A}.Release|Any CPU.Build.0 = Release|Any CPU
		{BB76D1A7-E179-4EC0-9B6B-DAE12A65303A}.Debug|Any CPU.ActiveCfg = Debug|Any CPU
		{BB76D1A7-E179-4EC0-9B6B-DAE12A65303A}.Debug|Any CPU.Build.0 = Debug|Any CPU
		{BB76D1A7-E179-4EC0-9B6B-DAE12A65303A}.Release|Any CPU.ActiveCfg = Release|Any CPU
		{BB76D1A7-E179-4EC0-9B6B-DAE12A65303A}.Release|Any CPU.Build.0 = Release|Any CPU
		{C8EB3441-E269-45F8-95F1-2BE1EE6350A1}.Debug|Any CPU.ActiveCfg = Debug|Any CPU
		{C8EB3441-E269-45F8-95F1-2BE1EE6350A1}.Debug|Any CPU.Build.0 = Debug|Any CPU
		{C8EB3441-E269-45F8-95F1-2BE1EE6350A1}.Release|Any CPU.ActiveCfg = Release|Any CPU
		{C8EB3441-E269-45F8-95F1-2BE1EE6350A1}.Release|Any CPU.Build.0 = Release|Any CPU
		{913321E9-42A1-4042-AAA4-AC4C455D31CF}.Debug|Any CPU.ActiveCfg = Debug|Any CPU
		{913321E9-42A1-4042-AAA4-AC4C455D31CF}.Debug|Any CPU.Build.0 = Debug|Any CPU
		{913321E9-42A1-4042-AAA4-AC4C455D31CF}.Release|Any CPU.ActiveCfg = Release|Any CPU
		{913321E9-42A1-4042-AAA4-AC4C455D31CF}.Release|Any CPU.Build.0 = Release|Any CPU
		{2DDDF048-E649-4566-A31A-04C01D162C23}.Debug|Any CPU.ActiveCfg = Debug|Any CPU
		{2DDDF048-E649-4566-A31A-04C01D162C23}.Debug|Any CPU.Build.0 = Debug|Any CPU
		{2DDDF048-E649-4566-A31A-04C01D162C23}.Release|Any CPU.ActiveCfg = Release|Any CPU
		{2DDDF048-E649-4566-A31A-04C01D162C23}.Release|Any CPU.Build.0 = Release|Any CPU
		{B6989E85-D2F4-4331-9068-1C8EA87F86ED}.Debug|Any CPU.ActiveCfg = Debug|Any CPU
		{B6989E85-D2F4-4331-9068-1C8EA87F86ED}.Debug|Any CPU.Build.0 = Debug|Any CPU
		{B6989E85-D2F4-4331-9068-1C8EA87F86ED}.Release|Any CPU.ActiveCfg = Release|Any CPU
		{B6989E85-D2F4-4331-9068-1C8EA87F86ED}.Release|Any CPU.Build.0 = Release|Any CPU
		{9250C75D-255E-4C71-B47D-84E5B7054F89}.Debug|Any CPU.ActiveCfg = Debug|Any CPU
		{9250C75D-255E-4C71-B47D-84E5B7054F89}.Debug|Any CPU.Build.0 = Debug|Any CPU
		{9250C75D-255E-4C71-B47D-84E5B7054F89}.Release|Any CPU.ActiveCfg = Release|Any CPU
		{9250C75D-255E-4C71-B47D-84E5B7054F89}.Release|Any CPU.Build.0 = Release|Any CPU
		{7D6C5618-4D5B-4A52-8219-B8DECF89131E}.Debug|Any CPU.ActiveCfg = Debug|Any CPU
		{7D6C5618-4D5B-4A52-8219-B8DECF89131E}.Debug|Any CPU.Build.0 = Debug|Any CPU
		{7D6C5618-4D5B-4A52-8219-B8DECF89131E}.Release|Any CPU.ActiveCfg = Release|Any CPU
		{7D6C5618-4D5B-4A52-8219-B8DECF89131E}.Release|Any CPU.Build.0 = Release|Any CPU
		{10537B97-4E70-4A2A-A65D-7D779F8BC051}.Debug|Any CPU.ActiveCfg = Debug|Any CPU
		{10537B97-4E70-4A2A-A65D-7D779F8BC051}.Debug|Any CPU.Build.0 = Debug|Any CPU
		{10537B97-4E70-4A2A-A65D-7D779F8BC051}.Release|Any CPU.ActiveCfg = Release|Any CPU
		{10537B97-4E70-4A2A-A65D-7D779F8BC051}.Release|Any CPU.Build.0 = Release|Any CPU
		{AA5DF627-DB86-4850-ABAF-2643FA0D577E}.Debug|Any CPU.ActiveCfg = Debug|Any CPU
		{AA5DF627-DB86-4850-ABAF-2643FA0D577E}.Debug|Any CPU.Build.0 = Debug|Any CPU
		{AA5DF627-DB86-4850-ABAF-2643FA0D577E}.Release|Any CPU.ActiveCfg = Release|Any CPU
		{AA5DF627-DB86-4850-ABAF-2643FA0D577E}.Release|Any CPU.Build.0 = Release|Any CPU
		{C61ABF38-FCB2-49EB-BDEB-2BD1221F7706}.Debug|Any CPU.ActiveCfg = Debug|Any CPU
		{C61ABF38-FCB2-49EB-BDEB-2BD1221F7706}.Debug|Any CPU.Build.0 = Debug|Any CPU
		{C61ABF38-FCB2-49EB-BDEB-2BD1221F7706}.Release|Any CPU.ActiveCfg = Release|Any CPU
		{C61ABF38-FCB2-49EB-BDEB-2BD1221F7706}.Release|Any CPU.Build.0 = Release|Any CPU
		{93BEAEFB-DD07-46D7-AF4B-94E6B39ED004}.Debug|Any CPU.ActiveCfg = Debug|Any CPU
		{93BEAEFB-DD07-46D7-AF4B-94E6B39ED004}.Debug|Any CPU.Build.0 = Debug|Any CPU
		{93BEAEFB-DD07-46D7-AF4B-94E6B39ED004}.Release|Any CPU.ActiveCfg = Release|Any CPU
		{93BEAEFB-DD07-46D7-AF4B-94E6B39ED004}.Release|Any CPU.Build.0 = Release|Any CPU
		{9C6F1D03-7DB9-48F5-AF8D-78A6A1014B4D}.Debug|Any CPU.ActiveCfg = Debug|Any CPU
		{9C6F1D03-7DB9-48F5-AF8D-78A6A1014B4D}.Debug|Any CPU.Build.0 = Debug|Any CPU
		{9C6F1D03-7DB9-48F5-AF8D-78A6A1014B4D}.Release|Any CPU.ActiveCfg = Release|Any CPU
		{9C6F1D03-7DB9-48F5-AF8D-78A6A1014B4D}.Release|Any CPU.Build.0 = Release|Any CPU
		{709AFCDF-12EA-4752-9E8F-F7B7B07A3CA0}.Debug|Any CPU.ActiveCfg = Debug|Any CPU
		{709AFCDF-12EA-4752-9E8F-F7B7B07A3CA0}.Debug|Any CPU.Build.0 = Debug|Any CPU
		{709AFCDF-12EA-4752-9E8F-F7B7B07A3CA0}.Release|Any CPU.ActiveCfg = Release|Any CPU
		{709AFCDF-12EA-4752-9E8F-F7B7B07A3CA0}.Release|Any CPU.Build.0 = Release|Any CPU
		{863BE6DF-ADED-4A43-B85E-3330AD37782D}.Debug|Any CPU.ActiveCfg = Debug|Any CPU
		{863BE6DF-ADED-4A43-B85E-3330AD37782D}.Debug|Any CPU.Build.0 = Debug|Any CPU
		{863BE6DF-ADED-4A43-B85E-3330AD37782D}.Release|Any CPU.ActiveCfg = Release|Any CPU
		{863BE6DF-ADED-4A43-B85E-3330AD37782D}.Release|Any CPU.Build.0 = Release|Any CPU
		{31B4040C-FF22-4AE5-8BFB-581FD628AFA8}.Debug|Any CPU.ActiveCfg = Debug|Any CPU
		{31B4040C-FF22-4AE5-8BFB-581FD628AFA8}.Debug|Any CPU.Build.0 = Debug|Any CPU
		{31B4040C-FF22-4AE5-8BFB-581FD628AFA8}.Release|Any CPU.ActiveCfg = Release|Any CPU
		{31B4040C-FF22-4AE5-8BFB-581FD628AFA8}.Release|Any CPU.Build.0 = Release|Any CPU
		{07C0656B-217C-4AB6-B173-AE95B1B1A14B}.Debug|Any CPU.ActiveCfg = Debug|Any CPU
		{07C0656B-217C-4AB6-B173-AE95B1B1A14B}.Debug|Any CPU.Build.0 = Debug|Any CPU
		{07C0656B-217C-4AB6-B173-AE95B1B1A14B}.Release|Any CPU.ActiveCfg = Release|Any CPU
		{07C0656B-217C-4AB6-B173-AE95B1B1A14B}.Release|Any CPU.Build.0 = Release|Any CPU
		{F002AFA6-80F3-4844-8634-139A001C08BB}.Debug|Any CPU.ActiveCfg = Debug|Any CPU
		{F002AFA6-80F3-4844-8634-139A001C08BB}.Debug|Any CPU.Build.0 = Debug|Any CPU
		{F002AFA6-80F3-4844-8634-139A001C08BB}.Release|Any CPU.ActiveCfg = Release|Any CPU
		{F002AFA6-80F3-4844-8634-139A001C08BB}.Release|Any CPU.Build.0 = Release|Any CPU
		{E756069A-8AC2-47A6-A32F-DD56655C71CA}.Debug|Any CPU.ActiveCfg = Debug|Any CPU
		{E756069A-8AC2-47A6-A32F-DD56655C71CA}.Debug|Any CPU.Build.0 = Debug|Any CPU
		{E756069A-8AC2-47A6-A32F-DD56655C71CA}.Release|Any CPU.ActiveCfg = Release|Any CPU
		{E756069A-8AC2-47A6-A32F-DD56655C71CA}.Release|Any CPU.Build.0 = Release|Any CPU
		{699FE5A1-1088-4DBC-AD75-EC53500AE21F}.Debug|Any CPU.ActiveCfg = Debug|Any CPU
		{699FE5A1-1088-4DBC-AD75-EC53500AE21F}.Debug|Any CPU.Build.0 = Debug|Any CPU
		{699FE5A1-1088-4DBC-AD75-EC53500AE21F}.Release|Any CPU.ActiveCfg = Release|Any CPU
		{699FE5A1-1088-4DBC-AD75-EC53500AE21F}.Release|Any CPU.Build.0 = Release|Any CPU
		{AB3D0496-98DF-4865-9F15-C85060D9F25F}.Debug|Any CPU.ActiveCfg = Debug|Any CPU
		{AB3D0496-98DF-4865-9F15-C85060D9F25F}.Debug|Any CPU.Build.0 = Debug|Any CPU
		{AB3D0496-98DF-4865-9F15-C85060D9F25F}.Release|Any CPU.ActiveCfg = Release|Any CPU
		{AB3D0496-98DF-4865-9F15-C85060D9F25F}.Release|Any CPU.Build.0 = Release|Any CPU
		{B8368BC0-3091-4B2B-9234-B9763E1A15E5}.Debug|Any CPU.ActiveCfg = Debug|Any CPU
		{B8368BC0-3091-4B2B-9234-B9763E1A15E5}.Debug|Any CPU.Build.0 = Debug|Any CPU
		{B8368BC0-3091-4B2B-9234-B9763E1A15E5}.Release|Any CPU.ActiveCfg = Release|Any CPU
		{B8368BC0-3091-4B2B-9234-B9763E1A15E5}.Release|Any CPU.Build.0 = Release|Any CPU
		{9A99503A-3F25-420F-9A2C-451B63B6595C}.Debug|Any CPU.ActiveCfg = Debug|Any CPU
		{9A99503A-3F25-420F-9A2C-451B63B6595C}.Debug|Any CPU.Build.0 = Debug|Any CPU
		{9A99503A-3F25-420F-9A2C-451B63B6595C}.Release|Any CPU.ActiveCfg = Release|Any CPU
		{9A99503A-3F25-420F-9A2C-451B63B6595C}.Release|Any CPU.Build.0 = Release|Any CPU
		{A21F9535-9BA1-488A-BA66-666D347FD57D}.Debug|Any CPU.ActiveCfg = Debug|Any CPU
		{A21F9535-9BA1-488A-BA66-666D347FD57D}.Debug|Any CPU.Build.0 = Debug|Any CPU
		{A21F9535-9BA1-488A-BA66-666D347FD57D}.Release|Any CPU.ActiveCfg = Release|Any CPU
		{A21F9535-9BA1-488A-BA66-666D347FD57D}.Release|Any CPU.Build.0 = Release|Any CPU
		{ED62147B-B415-4305-9A48-22C4AEE044E0}.Debug|Any CPU.ActiveCfg = Debug|Any CPU
		{ED62147B-B415-4305-9A48-22C4AEE044E0}.Debug|Any CPU.Build.0 = Debug|Any CPU
		{ED62147B-B415-4305-9A48-22C4AEE044E0}.Release|Any CPU.ActiveCfg = Release|Any CPU
		{ED62147B-B415-4305-9A48-22C4AEE044E0}.Release|Any CPU.Build.0 = Release|Any CPU
	EndGlobalSection
	GlobalSection(SolutionProperties) = preSolution
		HideSolutionNode = FALSE
	EndGlobalSection
	GlobalSection(ExtensibilityGlobals) = postSolution
		SolutionGuid = {A3AB6958-2FC4-4AB9-8614-12D830745DC8}
	EndGlobalSection
	GlobalSection(NestedProjects) = preSolution
		{1F993804-1A5C-4B6E-AB96-515A2F628BD5} = {6AAC4CF6-57E2-4ABE-8F9C-0584FFB847ED}
		{913321E9-42A1-4042-AAA4-AC4C455D31CF} = {6AAC4CF6-57E2-4ABE-8F9C-0584FFB847ED}
		{4B5F098E-C5B7-46DD-9589-D0B6E4C89658} = {6AAC4CF6-57E2-4ABE-8F9C-0584FFB847ED}
		{6A2CF682-5DE0-46A9-A184-1ECA206C320A} = {6AAC4CF6-57E2-4ABE-8F9C-0584FFB847ED}
		{C8EB3441-E269-45F8-95F1-2BE1EE6350A1} = {6AAC4CF6-57E2-4ABE-8F9C-0584FFB847ED}
		{BB76D1A7-E179-4EC0-9B6B-DAE12A65303A} = {6AAC4CF6-57E2-4ABE-8F9C-0584FFB847ED}
		{2DDDF048-E649-4566-A31A-04C01D162C23} = {6AAC4CF6-57E2-4ABE-8F9C-0584FFB847ED}
		{C2F99E6E-4F94-4B6D-9482-78562D5A780D} = {1346C5C1-8F11-410C-ABC4-BA8E8619EC4A}
		{B6989E85-D2F4-4331-9068-1C8EA87F86ED} = {C2F99E6E-4F94-4B6D-9482-78562D5A780D}
		{10537B97-4E70-4A2A-A65D-7D779F8BC051} = {C2F99E6E-4F94-4B6D-9482-78562D5A780D}
		{9250C75D-255E-4C71-B47D-84E5B7054F89} = {C2F99E6E-4F94-4B6D-9482-78562D5A780D}
		{7D6C5618-4D5B-4A52-8219-B8DECF89131E} = {C2F99E6E-4F94-4B6D-9482-78562D5A780D}
		{AA5DF627-DB86-4850-ABAF-2643FA0D577E} = {C2F99E6E-4F94-4B6D-9482-78562D5A780D}
		{166AF748-93F7-4BA5-A7D3-52E1485754AF} = {1346C5C1-8F11-410C-ABC4-BA8E8619EC4A}
		{C61ABF38-FCB2-49EB-BDEB-2BD1221F7706} = {166AF748-93F7-4BA5-A7D3-52E1485754AF}
		{93BEAEFB-DD07-46D7-AF4B-94E6B39ED004} = {166AF748-93F7-4BA5-A7D3-52E1485754AF}
		{9C6F1D03-7DB9-48F5-AF8D-78A6A1014B4D} = {C2F99E6E-4F94-4B6D-9482-78562D5A780D}
		{709AFCDF-12EA-4752-9E8F-F7B7B07A3CA0} = {166AF748-93F7-4BA5-A7D3-52E1485754AF}
		{863BE6DF-ADED-4A43-B85E-3330AD37782D} = {C2F99E6E-4F94-4B6D-9482-78562D5A780D}
		{31B4040C-FF22-4AE5-8BFB-581FD628AFA8} = {166AF748-93F7-4BA5-A7D3-52E1485754AF}
		{07C0656B-217C-4AB6-B173-AE95B1B1A14B} = {C2F99E6E-4F94-4B6D-9482-78562D5A780D}
		{F002AFA6-80F3-4844-8634-139A001C08BB} = {166AF748-93F7-4BA5-A7D3-52E1485754AF}
		{E756069A-8AC2-47A6-A32F-DD56655C71CA} = {C2F99E6E-4F94-4B6D-9482-78562D5A780D}
		{699FE5A1-1088-4DBC-AD75-EC53500AE21F} = {166AF748-93F7-4BA5-A7D3-52E1485754AF}
		{AB3D0496-98DF-4865-9F15-C85060D9F25F} = {166AF748-93F7-4BA5-A7D3-52E1485754AF}
		{B8368BC0-3091-4B2B-9234-B9763E1A15E5} = {166AF748-93F7-4BA5-A7D3-52E1485754AF}
		{9A99503A-3F25-420F-9A2C-451B63B6595C} = {6AAC4CF6-57E2-4ABE-8F9C-0584FFB847ED}
		{A21F9535-9BA1-488A-BA66-666D347FD57D} = {6AAC4CF6-57E2-4ABE-8F9C-0584FFB847ED}
		{ED62147B-B415-4305-9A48-22C4AEE044E0} = {6AAC4CF6-57E2-4ABE-8F9C-0584FFB847ED}
	EndGlobalSection
EndGlobal
