
Microsoft Visual Studio Solution File, Format Version 12.00
# Visual Studio Version 17
VisualStudioVersion = 17.4.33403.182
MinimumVisualStudioVersion = 10.0.40219.1
Project("{2150E333-8FDC-42A3-9474-1A3956D46DE8}") = "nc", "nc", "{52A857B1-7C36-4C2F-8DBF-7F812777A1CF}"
EndProject
Project("{9A19103F-16F7-4668-BE54-9A1E7A4F7556}") = "AgentPoolManager.Core", "nc\AgentPoolManager.Core\AgentPoolManager.Core.csproj", "{DEC7AB9F-B517-4BDE-B9E5-7A0018B98BBB}"
EndProject
Project("{9A19103F-16F7-4668-BE54-9A1E7A4F7556}") = "AgentPoolManagerLab.Core", "nc\AgentPoolManagerLab.Core\AgentPoolManagerLab.Core.csproj", "{6A0B10B1-71C6-4AE0-B05E-9B39BCF64B37}"
EndProject
Project("{FAE04EC0-301F-11D3-BF4B-00C04F79EFBC}") = "AgentPoolManager.nc6", "nc\AgentPoolManager.nc6\AgentPoolManager.nc6.csproj", "{BFBAB56D-BCB5-47ED-BDC2-ED22CC613244}"
EndProject
Project("{2150E333-8FDC-42A3-9474-1A3956D46DE8}") = "nc3", "nc3", "{E6C44FC9-0E87-44AD-85D6-0B94E230159F}"
EndProject
Project("{2150E333-8FDC-42A3-9474-1A3956D46DE8}") = "nc6", "nc6", "{23A7F2B5-17B7-4B60-80DC-C20E3F279810}"
EndProject
Project("{FAE04EC0-301F-11D3-BF4B-00C04F79EFBC}") = "AgentPoolManagerLab.nc6", "nc\AgentPoolManagerLab.nc6\AgentPoolManagerLab.nc6.csproj", "{3CF5F1FA-9DD2-4220-A2B8-CA57E8DC56F2}"
EndProject
Project("{FAE04EC0-301F-11D3-BF4B-00C04F79EFBC}") = "PvWay.AgentPoolManager.Abstraction.nc8", "nc\PvWay.AgentPoolManager.Abstraction.nc8\PvWay.AgentPoolManager.Abstraction.nc8.csproj", "{C338A42E-DE0E-4262-A821-5E9871B787B5}"
EndProject
Project("{2150E333-8FDC-42A3-9474-1A3956D46DE8}") = "nc8", "nc8", "{7DB9DCCD-943A-49CC-B947-53E17D24BC24}"
EndProject
Project("{FAE04EC0-301F-11D3-BF4B-00C04F79EFBC}") = "PvWay.AgentPoolManager.nc8", "nc\PvWay.AgentPoolManager.nc8\PvWay.AgentPoolManager.nc8.csproj", "{5D53AF80-93C7-4FC7-A99B-4D1138C373D7}"
EndProject
Project("{FAE04EC0-301F-11D3-BF4B-00C04F79EFBC}") = "PvWay.AgentPoolManager.Lab.nc8", "nc\PvWay.AgentPoolManager.Lab.nc8\PvWay.AgentPoolManager.Lab.nc8.csproj", "{BB3AF9E2-9723-4875-B96F-DF8A0CC6737A}"
EndProject
Global
	GlobalSection(SolutionConfigurationPlatforms) = preSolution
		Debug|Any CPU = Debug|Any CPU
		Release|Any CPU = Release|Any CPU
	EndGlobalSection
	GlobalSection(ProjectConfigurationPlatforms) = postSolution
		{DEC7AB9F-B517-4BDE-B9E5-7A0018B98BBB}.Debug|Any CPU.ActiveCfg = Debug|Any CPU
		{DEC7AB9F-B517-4BDE-B9E5-7A0018B98BBB}.Debug|Any CPU.Build.0 = Debug|Any CPU
		{DEC7AB9F-B517-4BDE-B9E5-7A0018B98BBB}.Release|Any CPU.ActiveCfg = Release|Any CPU
		{DEC7AB9F-B517-4BDE-B9E5-7A0018B98BBB}.Release|Any CPU.Build.0 = Release|Any CPU
		{6A0B10B1-71C6-4AE0-B05E-9B39BCF64B37}.Debug|Any CPU.ActiveCfg = Debug|Any CPU
		{6A0B10B1-71C6-4AE0-B05E-9B39BCF64B37}.Debug|Any CPU.Build.0 = Debug|Any CPU
		{6A0B10B1-71C6-4AE0-B05E-9B39BCF64B37}.Release|Any CPU.ActiveCfg = Release|Any CPU
		{6A0B10B1-71C6-4AE0-B05E-9B39BCF64B37}.Release|Any CPU.Build.0 = Release|Any CPU
		{BFBAB56D-BCB5-47ED-BDC2-ED22CC613244}.Debug|Any CPU.ActiveCfg = Debug|Any CPU
		{BFBAB56D-BCB5-47ED-BDC2-ED22CC613244}.Debug|Any CPU.Build.0 = Debug|Any CPU
		{BFBAB56D-BCB5-47ED-BDC2-ED22CC613244}.Release|Any CPU.ActiveCfg = Release|Any CPU
		{BFBAB56D-BCB5-47ED-BDC2-ED22CC613244}.Release|Any CPU.Build.0 = Release|Any CPU
		{3CF5F1FA-9DD2-4220-A2B8-CA57E8DC56F2}.Debug|Any CPU.ActiveCfg = Debug|Any CPU
		{3CF5F1FA-9DD2-4220-A2B8-CA57E8DC56F2}.Debug|Any CPU.Build.0 = Debug|Any CPU
		{3CF5F1FA-9DD2-4220-A2B8-CA57E8DC56F2}.Release|Any CPU.ActiveCfg = Release|Any CPU
		{3CF5F1FA-9DD2-4220-A2B8-CA57E8DC56F2}.Release|Any CPU.Build.0 = Release|Any CPU
		{C338A42E-DE0E-4262-A821-5E9871B787B5}.Debug|Any CPU.ActiveCfg = Debug|Any CPU
		{C338A42E-DE0E-4262-A821-5E9871B787B5}.Debug|Any CPU.Build.0 = Debug|Any CPU
		{C338A42E-DE0E-4262-A821-5E9871B787B5}.Release|Any CPU.ActiveCfg = Release|Any CPU
		{C338A42E-DE0E-4262-A821-5E9871B787B5}.Release|Any CPU.Build.0 = Release|Any CPU
		{5D53AF80-93C7-4FC7-A99B-4D1138C373D7}.Debug|Any CPU.ActiveCfg = Debug|Any CPU
		{5D53AF80-93C7-4FC7-A99B-4D1138C373D7}.Debug|Any CPU.Build.0 = Debug|Any CPU
		{5D53AF80-93C7-4FC7-A99B-4D1138C373D7}.Release|Any CPU.ActiveCfg = Release|Any CPU
		{5D53AF80-93C7-4FC7-A99B-4D1138C373D7}.Release|Any CPU.Build.0 = Release|Any CPU
		{BB3AF9E2-9723-4875-B96F-DF8A0CC6737A}.Debug|Any CPU.ActiveCfg = Debug|Any CPU
		{BB3AF9E2-9723-4875-B96F-DF8A0CC6737A}.Debug|Any CPU.Build.0 = Debug|Any CPU
		{BB3AF9E2-9723-4875-B96F-DF8A0CC6737A}.Release|Any CPU.ActiveCfg = Release|Any CPU
		{BB3AF9E2-9723-4875-B96F-DF8A0CC6737A}.Release|Any CPU.Build.0 = Release|Any CPU
	EndGlobalSection
	GlobalSection(SolutionProperties) = preSolution
		HideSolutionNode = FALSE
	EndGlobalSection
	GlobalSection(NestedProjects) = preSolution
		{E6C44FC9-0E87-44AD-85D6-0B94E230159F} = {52A857B1-7C36-4C2F-8DBF-7F812777A1CF}
		{DEC7AB9F-B517-4BDE-B9E5-7A0018B98BBB} = {E6C44FC9-0E87-44AD-85D6-0B94E230159F}
		{6A0B10B1-71C6-4AE0-B05E-9B39BCF64B37} = {E6C44FC9-0E87-44AD-85D6-0B94E230159F}
		{23A7F2B5-17B7-4B60-80DC-C20E3F279810} = {52A857B1-7C36-4C2F-8DBF-7F812777A1CF}
		{BFBAB56D-BCB5-47ED-BDC2-ED22CC613244} = {23A7F2B5-17B7-4B60-80DC-C20E3F279810}
		{3CF5F1FA-9DD2-4220-A2B8-CA57E8DC56F2} = {23A7F2B5-17B7-4B60-80DC-C20E3F279810}
		{7DB9DCCD-943A-49CC-B947-53E17D24BC24} = {52A857B1-7C36-4C2F-8DBF-7F812777A1CF}
		{C338A42E-DE0E-4262-A821-5E9871B787B5} = {7DB9DCCD-943A-49CC-B947-53E17D24BC24}
		{5D53AF80-93C7-4FC7-A99B-4D1138C373D7} = {7DB9DCCD-943A-49CC-B947-53E17D24BC24}
		{BB3AF9E2-9723-4875-B96F-DF8A0CC6737A} = {7DB9DCCD-943A-49CC-B947-53E17D24BC24}
	EndGlobalSection
	GlobalSection(ExtensibilityGlobals) = postSolution
		SolutionGuid = {E1AA2645-8295-4BF7-860F-A0D558CB6B85}
	EndGlobalSection
EndGlobal
