
Microsoft Visual Studio Solution File, Format Version 12.00
# Visual Studio Version 16
VisualStudioVersion = 16.0.30907.101
MinimumVisualStudioVersion = 10.0.40219.1
Project("{9A19103F-16F7-4668-BE54-9A1E7A4F7556}") = "ExcelTranslationProvider.Core", "ExcelTranslationProvider.Core\ExcelTranslationProvider.Core.csproj", "{0B0BF4EA-F0FA-42E4-B6D5-0D7F84FB52F2}"
EndProject
Project("{FAE04EC0-301F-11D3-BF4B-00C04F79EFBC}") = "ExcelTranslationProvider.Fw", "ExcelTranslationProvider.Fw\ExcelTranslationProvider.Fw\ExcelTranslationProvider.Fw.csproj", "{D4A1C9BB-2C6C-4493-9E5C-0EE85CDEC584}"
EndProject
Global
	GlobalSection(SolutionConfigurationPlatforms) = preSolution
		Debug|Any CPU = Debug|Any CPU
		Release|Any CPU = Release|Any CPU
	EndGlobalSection
	GlobalSection(ProjectConfigurationPlatforms) = postSolution
		{0B0BF4EA-F0FA-42E4-B6D5-0D7F84FB52F2}.Debug|Any CPU.ActiveCfg = Debug|Any CPU
		{0B0BF4EA-F0FA-42E4-B6D5-0D7F84FB52F2}.Debug|Any CPU.Build.0 = Debug|Any CPU
		{0B0BF4EA-F0FA-42E4-B6D5-0D7F84FB52F2}.Release|Any CPU.ActiveCfg = Release|Any CPU
		{0B0BF4EA-F0FA-42E4-B6D5-0D7F84FB52F2}.Release|Any CPU.Build.0 = Release|Any CPU
		{D4A1C9BB-2C6C-4493-9E5C-0EE85CDEC584}.Debug|Any CPU.ActiveCfg = Debug|Any CPU
		{D4A1C9BB-2C6C-4493-9E5C-0EE85CDEC584}.Debug|Any CPU.Build.0 = Debug|Any CPU
		{D4A1C9BB-2C6C-4493-9E5C-0EE85CDEC584}.Release|Any CPU.ActiveCfg = Release|Any CPU
		{D4A1C9BB-2C6C-4493-9E5C-0EE85CDEC584}.Release|Any CPU.Build.0 = Release|Any CPU
	EndGlobalSection
	GlobalSection(SolutionProperties) = preSolution
		HideSolutionNode = FALSE
	EndGlobalSection
	GlobalSection(ExtensibilityGlobals) = postSolution
		SolutionGuid = {C30D72FE-EA78-427B-81BC-EB79D9B8A780}
	EndGlobalSection
EndGlobal
